
Microsoft Visual Studio Solution File, Format Version 12.00
# Visual Studio Version 17
VisualStudioVersion = 17.5.33627.172
MinimumVisualStudioVersion = 10.0.40219.1
Project("{FAE04EC0-301F-11D3-BF4B-00C04F79EFBC}") = "PersonalBlogApp", "PersonalBlogApp\PersonalBlogApp.csproj", "{EBA07ADD-5C40-42C9-A3A0-D1ED4A499130}"
EndProject
Global
	GlobalSection(SolutionConfigurationPlatforms) = preSolution
		Debug|Any CPU = Debug|Any CPU
		Release|Any CPU = Release|Any CPU
	EndGlobalSection
	GlobalSection(ProjectConfigurationPlatforms) = postSolution
		{EBA07ADD-5C40-42C9-A3A0-D1ED4A499130}.Debug|Any CPU.ActiveCfg = Debug|Any CPU
		{EBA07ADD-5C40-42C9-A3A0-D1ED4A499130}.Debug|Any CPU.Build.0 = Debug|Any CPU
		{EBA07ADD-5C40-42C9-A3A0-D1ED4A499130}.Release|Any CPU.ActiveCfg = Release|Any CPU
		{EBA07ADD-5C40-42C9-A3A0-D1ED4A499130}.Release|Any CPU.Build.0 = Release|Any CPU
	EndGlobalSection
	GlobalSection(SolutionProperties) = preSolution
		HideSolutionNode = FALSE
	EndGlobalSection
	GlobalSection(ExtensibilityGlobals) = postSolution
		SolutionGuid = {B02A2F71-B5B8-448E-8B8F-E9C67695D6B2}
	EndGlobalSection
EndGlobal
